// !$*UTF8*$!
{
	archiveVersion = 1;
	classes = {
	};
	objectVersion = 46;
	objects = {

/* Begin PBXBuildFile section */
		0CB999C613134C2DB5524417 /* libPods.a in Frameworks */ = {isa = PBXBuildFile; fileRef = CA35FE7EB0304591A19109D4 /* libPods.a */; };
		1318E1F8188202EE000146FC /* CDItemList.m in Sources */ = {isa = PBXBuildFile; fileRef = 1318E1F7188202EE000146FC /* CDItemList.m */; };
		1318E1FB188202EE000146FC /* CDItem.m in Sources */ = {isa = PBXBuildFile; fileRef = 1318E1FA188202EE000146FC /* CDItem.m */; };
		1318E1FE18823795000146FC /* MyManagedObjectContext.m in Sources */ = {isa = PBXBuildFile; fileRef = 1318E1FD18823795000146FC /* MyManagedObjectContext.m */; };
		1318E20118826B11000146FC /* CDQuestion.m in Sources */ = {isa = PBXBuildFile; fileRef = 1318E20018826B11000146FC /* CDQuestion.m */; };
		1318E20418826B12000146FC /* CDChainList.m in Sources */ = {isa = PBXBuildFile; fileRef = 1318E20318826B12000146FC /* CDChainList.m */; };
		1318E20A18826B12000146FC /* CDOption.m in Sources */ = {isa = PBXBuildFile; fileRef = 1318E20918826B12000146FC /* CDOption.m */; };
		1318E21018827193000146FC /* CDQuestionList.m in Sources */ = {isa = PBXBuildFile; fileRef = 1318E20F18827193000146FC /* CDQuestionList.m */; };
		1318E2151883B876000146FC /* example.json in Resources */ = {isa = PBXBuildFile; fileRef = 1318E2141883B876000146FC /* example.json */; };
		1374F163185A453C003CB138 /* CDPatient.m in Sources */ = {isa = PBXBuildFile; fileRef = 1374F162185A453C003CB138 /* CDPatient.m */; };
		C403257D1874C943003D8159 /* TRHistoryHelper.m in Sources */ = {isa = PBXBuildFile; fileRef = C403257C1874C943003D8159 /* TRHistoryHelper.m */; };
		C40325831874C9CD003D8159 /* TRQLabel.m in Sources */ = {isa = PBXBuildFile; fileRef = C40325821874C9CD003D8159 /* TRQLabel.m */; };
		C40325861874C9EB003D8159 /* TRQTextField.m in Sources */ = {isa = PBXBuildFile; fileRef = C40325851874C9EB003D8159 /* TRQTextField.m */; };
		C40325891874CA0E003D8159 /* TRQView.m in Sources */ = {isa = PBXBuildFile; fileRef = C40325881874CA0E003D8159 /* TRQView.m */; };
		C403258C1874CA7C003D8159 /* TRQCheckBox.m in Sources */ = {isa = PBXBuildFile; fileRef = C403258B1874CA7C003D8159 /* TRQCheckBox.m */; };
		C403258F1874CAA7003D8159 /* TRQYesNoButton.m in Sources */ = {isa = PBXBuildFile; fileRef = C403258E1874CAA7003D8159 /* TRQYesNoButton.m */; };
		C40325951874CF4E003D8159 /* TRBorderedImageView.m in Sources */ = {isa = PBXBuildFile; fileRef = C40325931874CF4E003D8159 /* TRBorderedImageView.m */; };
		C40325981876105B003D8159 /* TRSettingsViewController.m in Sources */ = {isa = PBXBuildFile; fileRef = C40325971876105B003D8159 /* TRSettingsViewController.m */; };
		C403259B18761096003D8159 /* Settings.xib in Resources */ = {isa = PBXBuildFile; fileRef = C403259A18761096003D8159 /* Settings.xib */; };
		C403259D187610B3003D8159 /* Settings-Landscape.xib in Resources */ = {isa = PBXBuildFile; fileRef = C403259C187610B3003D8159 /* Settings-Landscape.xib */; };
		C46B4816180C3854002CF789 /* TRNavigationController.m in Sources */ = {isa = PBXBuildFile; fileRef = C46B4815180C3854002CF789 /* TRNavigationController.m */; };
		C47B528617EF7A450044E0A7 /* TRPatientListCell.m in Sources */ = {isa = PBXBuildFile; fileRef = C47B528317EF7A450044E0A7 /* TRPatientListCell.m */; };
		C47B528717EF7A450044E0A7 /* TRPatientListViewController.m in Sources */ = {isa = PBXBuildFile; fileRef = C47B528517EF7A450044E0A7 /* TRPatientListViewController.m */; };
		C482B0C6181598C4001B0B20 /* TRAddPatientViewController.m in Sources */ = {isa = PBXBuildFile; fileRef = C482B0C5181598C4001B0B20 /* TRAddPatientViewController.m */; };
		C482B0CC18159A4A001B0B20 /* TRPatientSummaryViewController.m in Sources */ = {isa = PBXBuildFile; fileRef = C482B0CB18159A4A001B0B20 /* TRPatientSummaryViewController.m */; };
		C482B0D418159B4A001B0B20 /* TRTabBarController.m in Sources */ = {isa = PBXBuildFile; fileRef = C482B0D318159B4A001B0B20 /* TRTabBarController.m */; };
		C4839E19187A1BF9002990E0 /* TRCustomButton.m in Sources */ = {isa = PBXBuildFile; fileRef = C4839E18187A1BF9002990E0 /* TRCustomButton.m */; };
		C4839E1D187AB284002990E0 /* mark.png in Resources */ = {isa = PBXBuildFile; fileRef = C4839E1A187AB284002990E0 /* mark.png */; };
		C4839E1E187AB284002990E0 /* mischa.png in Resources */ = {isa = PBXBuildFile; fileRef = C4839E1B187AB284002990E0 /* mischa.png */; };
		C4839E1F187AB284002990E0 /* willie.png in Resources */ = {isa = PBXBuildFile; fileRef = C4839E1C187AB284002990E0 /* willie.png */; };
		C48C6E2D17E661700065ABBE /* Foundation.framework in Frameworks */ = {isa = PBXBuildFile; fileRef = C48C6E2C17E661700065ABBE /* Foundation.framework */; };
		C48C6E2F17E661700065ABBE /* CoreGraphics.framework in Frameworks */ = {isa = PBXBuildFile; fileRef = C48C6E2E17E661700065ABBE /* CoreGraphics.framework */; };
		C48C6E3117E661700065ABBE /* UIKit.framework in Frameworks */ = {isa = PBXBuildFile; fileRef = C48C6E3017E661700065ABBE /* UIKit.framework */; };
		C48C6E3317E661700065ABBE /* CoreData.framework in Frameworks */ = {isa = PBXBuildFile; fileRef = C48C6E3217E661700065ABBE /* CoreData.framework */; };
		C48C6E3917E661700065ABBE /* InfoPlist.strings in Resources */ = {isa = PBXBuildFile; fileRef = C48C6E3717E661700065ABBE /* InfoPlist.strings */; };
		C48C6E3B17E661700065ABBE /* main.m in Sources */ = {isa = PBXBuildFile; fileRef = C48C6E3A17E661700065ABBE /* main.m */; };
		C48C6E3F17E661700065ABBE /* TRAppDelegate.m in Sources */ = {isa = PBXBuildFile; fileRef = C48C6E3E17E661700065ABBE /* TRAppDelegate.m */; };
		C48C6E4417E661700065ABBE /* Images.xcassets in Resources */ = {isa = PBXBuildFile; fileRef = C48C6E4317E661700065ABBE /* Images.xcassets */; };
		C48C6E4B17E661700065ABBE /* XCTest.framework in Frameworks */ = {isa = PBXBuildFile; fileRef = C48C6E4A17E661700065ABBE /* XCTest.framework */; };
		C48C6E4C17E661700065ABBE /* Foundation.framework in Frameworks */ = {isa = PBXBuildFile; fileRef = C48C6E2C17E661700065ABBE /* Foundation.framework */; };
		C48C6E4D17E661700065ABBE /* UIKit.framework in Frameworks */ = {isa = PBXBuildFile; fileRef = C48C6E3017E661700065ABBE /* UIKit.framework */; };
		C48C6E4E17E661700065ABBE /* CoreData.framework in Frameworks */ = {isa = PBXBuildFile; fileRef = C48C6E3217E661700065ABBE /* CoreData.framework */; };
		C48C6E5617E661700065ABBE /* InfoPlist.strings in Resources */ = {isa = PBXBuildFile; fileRef = C48C6E5417E661700065ABBE /* InfoPlist.strings */; };
		C48C6E5817E661700065ABBE /* TRxTests.m in Sources */ = {isa = PBXBuildFile; fileRef = C48C6E5717E661700065ABBE /* TRxTests.m */; };
		C48C6E6717E662220065ABBE /* TRx.xcdatamodeld in Sources */ = {isa = PBXBuildFile; fileRef = C48C6E6517E662220065ABBE /* TRx.xcdatamodeld */; };
		C48C6E6D17E6622F0065ABBE /* TestViewController.m in Sources */ = {isa = PBXBuildFile; fileRef = C48C6E6C17E6622F0065ABBE /* TestViewController.m */; };
		C4CD8DC1186F496E0016E371 /* PatientListCell.xib in Resources */ = {isa = PBXBuildFile; fileRef = C4CD8DC0186F496E0016E371 /* PatientListCell.xib */; };
		C4CD8DC4186F49780016E371 /* AddPatient-Landscape.xib in Resources */ = {isa = PBXBuildFile; fileRef = C4CD8DC2186F49780016E371 /* AddPatient-Landscape.xib */; };
		C4CD8DC5186F49780016E371 /* AddPatient.xib in Resources */ = {isa = PBXBuildFile; fileRef = C4CD8DC3186F49780016E371 /* AddPatient.xib */; };
		C4CD8DC71870D3D60016E371 /* PatientSummary.xib in Resources */ = {isa = PBXBuildFile; fileRef = C4CD8DC61870D3D60016E371 /* PatientSummary.xib */; };
		C4CD8DCB1870D4290016E371 /* PatientSummary-Landscape.xib in Resources */ = {isa = PBXBuildFile; fileRef = C4CD8DCA1870D4290016E371 /* PatientSummary-Landscape.xib */; };
		C4E887641881BEC900B241A6 /* ColorGuide in Resources */ = {isa = PBXBuildFile; fileRef = C4E887631881BEC900B241A6 /* ColorGuide */; };
		C4EDCF04181C3A2300256DE5 /* TRHistoryViewController.m in Sources */ = {isa = PBXBuildFile; fileRef = C4EDCF03181C3A2300256DE5 /* TRHistoryViewController.m */; };
		C4EDCF07181C3A4000256DE5 /* TRPhysicalViewController.m in Sources */ = {isa = PBXBuildFile; fileRef = C4EDCF06181C3A4000256DE5 /* TRPhysicalViewController.m */; };
		C4EDCF0A181C3A5800256DE5 /* TRSurgeryViewController.m in Sources */ = {isa = PBXBuildFile; fileRef = C4EDCF09181C3A5800256DE5 /* TRSurgeryViewController.m */; };
		C4F90D8818159CDE0004578A /* Thumb.jpg in Resources */ = {isa = PBXBuildFile; fileRef = C4F90D8718159CDE0004578A /* Thumb.jpg */; };
		C4FC4229187245BA00792E1A /* History.xib in Resources */ = {isa = PBXBuildFile; fileRef = C4FC4228187245BA00792E1A /* History.xib */; };
		C4FC422B1872460500792E1A /* History-Landscape.xib in Resources */ = {isa = PBXBuildFile; fileRef = C4FC422A1872460500792E1A /* History-Landscape.xib */; };
/* End PBXBuildFile section */

/* Begin PBXContainerItemProxy section */
		C48C6E4F17E661700065ABBE /* PBXContainerItemProxy */ = {
			isa = PBXContainerItemProxy;
			containerPortal = C48C6E2117E661700065ABBE /* Project object */;
			proxyType = 1;
			remoteGlobalIDString = C48C6E2817E661700065ABBE;
			remoteInfo = TRx;
		};
/* End PBXContainerItemProxy section */

/* Begin PBXFileReference section */
		1318E1F6188202EE000146FC /* CDItemList.h */ = {isa = PBXFileReference; fileEncoding = 4; lastKnownFileType = sourcecode.c.h; name = CDItemList.h; path = Models/ConfigModels/CDItemList.h; sourceTree = SOURCE_ROOT; };
		1318E1F7188202EE000146FC /* CDItemList.m */ = {isa = PBXFileReference; fileEncoding = 4; lastKnownFileType = sourcecode.c.objc; name = CDItemList.m; path = Models/ConfigModels/CDItemList.m; sourceTree = SOURCE_ROOT; };
		1318E1F9188202EE000146FC /* CDItem.h */ = {isa = PBXFileReference; fileEncoding = 4; lastKnownFileType = sourcecode.c.h; name = CDItem.h; path = Models/ConfigModels/CDItem.h; sourceTree = SOURCE_ROOT; };
		1318E1FA188202EE000146FC /* CDItem.m */ = {isa = PBXFileReference; fileEncoding = 4; lastKnownFileType = sourcecode.c.objc; name = CDItem.m; path = Models/ConfigModels/CDItem.m; sourceTree = SOURCE_ROOT; };
		1318E1FC18823795000146FC /* MyManagedObjectContext.h */ = {isa = PBXFileReference; fileEncoding = 4; lastKnownFileType = sourcecode.c.h; name = MyManagedObjectContext.h; path = Models/MyManagedObjectContext.h; sourceTree = SOURCE_ROOT; };
		1318E1FD18823795000146FC /* MyManagedObjectContext.m */ = {isa = PBXFileReference; fileEncoding = 4; lastKnownFileType = sourcecode.c.objc; name = MyManagedObjectContext.m; path = Models/MyManagedObjectContext.m; sourceTree = SOURCE_ROOT; };
		1318E1FF18826B11000146FC /* CDQuestion.h */ = {isa = PBXFileReference; fileEncoding = 4; lastKnownFileType = sourcecode.c.h; name = CDQuestion.h; path = Models/ConfigModels/CDQuestion.h; sourceTree = SOURCE_ROOT; };
		1318E20018826B11000146FC /* CDQuestion.m */ = {isa = PBXFileReference; fileEncoding = 4; lastKnownFileType = sourcecode.c.objc; name = CDQuestion.m; path = Models/ConfigModels/CDQuestion.m; sourceTree = SOURCE_ROOT; };
		1318E20218826B12000146FC /* CDChainList.h */ = {isa = PBXFileReference; fileEncoding = 4; lastKnownFileType = sourcecode.c.h; name = CDChainList.h; path = Models/ConfigModels/CDChainList.h; sourceTree = SOURCE_ROOT; };
		1318E20318826B12000146FC /* CDChainList.m */ = {isa = PBXFileReference; fileEncoding = 4; lastKnownFileType = sourcecode.c.objc; name = CDChainList.m; path = Models/ConfigModels/CDChainList.m; sourceTree = SOURCE_ROOT; };
		1318E20818826B12000146FC /* CDOption.h */ = {isa = PBXFileReference; fileEncoding = 4; lastKnownFileType = sourcecode.c.h; name = CDOption.h; path = Models/ConfigModels/CDOption.h; sourceTree = SOURCE_ROOT; };
		1318E20918826B12000146FC /* CDOption.m */ = {isa = PBXFileReference; fileEncoding = 4; lastKnownFileType = sourcecode.c.objc; name = CDOption.m; path = Models/ConfigModels/CDOption.m; sourceTree = SOURCE_ROOT; };
		1318E20E18827193000146FC /* CDQuestionList.h */ = {isa = PBXFileReference; fileEncoding = 4; lastKnownFileType = sourcecode.c.h; name = CDQuestionList.h; path = Models/ConfigModels/CDQuestionList.h; sourceTree = SOURCE_ROOT; };
		1318E20F18827193000146FC /* CDQuestionList.m */ = {isa = PBXFileReference; fileEncoding = 4; lastKnownFileType = sourcecode.c.objc; name = CDQuestionList.m; path = Models/ConfigModels/CDQuestionList.m; sourceTree = SOURCE_ROOT; };
		1318E2141883B876000146FC /* example.json */ = {isa = PBXFileReference; fileEncoding = 4; lastKnownFileType = text.json; path = example.json; sourceTree = "<group>"; };
		1374F161185A453C003CB138 /* CDPatient.h */ = {isa = PBXFileReference; fileEncoding = 4; lastKnownFileType = sourcecode.c.h; name = CDPatient.h; path = Models/AppModels/CDPatient.h; sourceTree = SOURCE_ROOT; };
		1374F162185A453C003CB138 /* CDPatient.m */ = {isa = PBXFileReference; fileEncoding = 4; lastKnownFileType = sourcecode.c.objc; name = CDPatient.m; path = Models/AppModels/CDPatient.m; sourceTree = SOURCE_ROOT; };
		520D5244C93F431DA0DBD15B /* Pods.xcconfig */ = {isa = PBXFileReference; includeInIndex = 1; lastKnownFileType = text.xcconfig; name = Pods.xcconfig; path = Pods/Pods.xcconfig; sourceTree = "<group>"; };
		C403257B1874C943003D8159 /* TRHistoryHelper.h */ = {isa = PBXFileReference; fileEncoding = 4; lastKnownFileType = sourcecode.c.h; name = TRHistoryHelper.h; path = ViewControllers/History/TRHistoryHelper.h; sourceTree = SOURCE_ROOT; };
		C403257C1874C943003D8159 /* TRHistoryHelper.m */ = {isa = PBXFileReference; fileEncoding = 4; lastKnownFileType = sourcecode.c.objc; name = TRHistoryHelper.m; path = ViewControllers/History/TRHistoryHelper.m; sourceTree = SOURCE_ROOT; };
		C40325811874C9CD003D8159 /* TRQLabel.h */ = {isa = PBXFileReference; fileEncoding = 4; lastKnownFileType = sourcecode.c.h; name = TRQLabel.h; path = ViewControllers/QuestionItems/TRQLabel.h; sourceTree = SOURCE_ROOT; };
		C40325821874C9CD003D8159 /* TRQLabel.m */ = {isa = PBXFileReference; fileEncoding = 4; lastKnownFileType = sourcecode.c.objc; name = TRQLabel.m; path = ViewControllers/QuestionItems/TRQLabel.m; sourceTree = SOURCE_ROOT; };
		C40325841874C9EB003D8159 /* TRQTextField.h */ = {isa = PBXFileReference; fileEncoding = 4; lastKnownFileType = sourcecode.c.h; name = TRQTextField.h; path = ViewControllers/QuestionItems/TRQTextField.h; sourceTree = SOURCE_ROOT; };
		C40325851874C9EB003D8159 /* TRQTextField.m */ = {isa = PBXFileReference; fileEncoding = 4; lastKnownFileType = sourcecode.c.objc; name = TRQTextField.m; path = ViewControllers/QuestionItems/TRQTextField.m; sourceTree = SOURCE_ROOT; };
		C40325871874CA0E003D8159 /* TRQView.h */ = {isa = PBXFileReference; fileEncoding = 4; lastKnownFileType = sourcecode.c.h; name = TRQView.h; path = ViewControllers/QuestionItems/TRQView.h; sourceTree = SOURCE_ROOT; };
		C40325881874CA0E003D8159 /* TRQView.m */ = {isa = PBXFileReference; fileEncoding = 4; lastKnownFileType = sourcecode.c.objc; name = TRQView.m; path = ViewControllers/QuestionItems/TRQView.m; sourceTree = SOURCE_ROOT; };
		C403258A1874CA7C003D8159 /* TRQCheckBox.h */ = {isa = PBXFileReference; fileEncoding = 4; lastKnownFileType = sourcecode.c.h; name = TRQCheckBox.h; path = ViewControllers/QuestionItems/TRQCheckBox.h; sourceTree = SOURCE_ROOT; };
		C403258B1874CA7C003D8159 /* TRQCheckBox.m */ = {isa = PBXFileReference; fileEncoding = 4; lastKnownFileType = sourcecode.c.objc; name = TRQCheckBox.m; path = ViewControllers/QuestionItems/TRQCheckBox.m; sourceTree = SOURCE_ROOT; };
		C403258D1874CAA7003D8159 /* TRQYesNoButton.h */ = {isa = PBXFileReference; fileEncoding = 4; lastKnownFileType = sourcecode.c.h; name = TRQYesNoButton.h; path = ViewControllers/QuestionItems/TRQYesNoButton.h; sourceTree = SOURCE_ROOT; };
		C403258E1874CAA7003D8159 /* TRQYesNoButton.m */ = {isa = PBXFileReference; fileEncoding = 4; lastKnownFileType = sourcecode.c.objc; name = TRQYesNoButton.m; path = ViewControllers/QuestionItems/TRQYesNoButton.m; sourceTree = SOURCE_ROOT; };
		C40325921874CF4E003D8159 /* TRBorderedImageView.h */ = {isa = PBXFileReference; fileEncoding = 4; lastKnownFileType = sourcecode.c.h; name = TRBorderedImageView.h; path = CustomUI/TRBorderedImageView.h; sourceTree = SOURCE_ROOT; };
		C40325931874CF4E003D8159 /* TRBorderedImageView.m */ = {isa = PBXFileReference; fileEncoding = 4; lastKnownFileType = sourcecode.c.objc; name = TRBorderedImageView.m; path = CustomUI/TRBorderedImageView.m; sourceTree = SOURCE_ROOT; };
		C40325961876105B003D8159 /* TRSettingsViewController.h */ = {isa = PBXFileReference; fileEncoding = 4; lastKnownFileType = sourcecode.c.h; name = TRSettingsViewController.h; path = ViewControllers/Settings/TRSettingsViewController.h; sourceTree = SOURCE_ROOT; };
		C40325971876105B003D8159 /* TRSettingsViewController.m */ = {isa = PBXFileReference; fileEncoding = 4; lastKnownFileType = sourcecode.c.objc; name = TRSettingsViewController.m; path = ViewControllers/Settings/TRSettingsViewController.m; sourceTree = SOURCE_ROOT; };
		C403259A18761096003D8159 /* Settings.xib */ = {isa = PBXFileReference; fileEncoding = 4; lastKnownFileType = file.xib; name = Settings.xib; path = ViewControllers/XIBs/Settings.xib; sourceTree = SOURCE_ROOT; };
		C403259C187610B3003D8159 /* Settings-Landscape.xib */ = {isa = PBXFileReference; fileEncoding = 4; lastKnownFileType = file.xib; name = "Settings-Landscape.xib"; path = "ViewControllers/XIBs/Settings-Landscape.xib"; sourceTree = SOURCE_ROOT; };
		C46B4814180C3854002CF789 /* TRNavigationController.h */ = {isa = PBXFileReference; fileEncoding = 4; lastKnownFileType = sourcecode.c.h; name = TRNavigationController.h; path = ViewControllers/TRNavigationController.h; sourceTree = SOURCE_ROOT; };
		C46B4815180C3854002CF789 /* TRNavigationController.m */ = {isa = PBXFileReference; fileEncoding = 4; lastKnownFileType = sourcecode.c.objc; name = TRNavigationController.m; path = ViewControllers/TRNavigationController.m; sourceTree = SOURCE_ROOT; };
		C47B528217EF7A450044E0A7 /* TRPatientListCell.h */ = {isa = PBXFileReference; fileEncoding = 4; lastKnownFileType = sourcecode.c.h; name = TRPatientListCell.h; path = ViewControllers/PatientList/TRPatientListCell.h; sourceTree = SOURCE_ROOT; };
		C47B528317EF7A450044E0A7 /* TRPatientListCell.m */ = {isa = PBXFileReference; fileEncoding = 4; lastKnownFileType = sourcecode.c.objc; name = TRPatientListCell.m; path = ViewControllers/PatientList/TRPatientListCell.m; sourceTree = SOURCE_ROOT; };
		C47B528417EF7A450044E0A7 /* TRPatientListViewController.h */ = {isa = PBXFileReference; fileEncoding = 4; lastKnownFileType = sourcecode.c.h; name = TRPatientListViewController.h; path = ViewControllers/PatientList/TRPatientListViewController.h; sourceTree = SOURCE_ROOT; };
		C47B528517EF7A450044E0A7 /* TRPatientListViewController.m */ = {isa = PBXFileReference; fileEncoding = 4; lastKnownFileType = sourcecode.c.objc; name = TRPatientListViewController.m; path = ViewControllers/PatientList/TRPatientListViewController.m; sourceTree = SOURCE_ROOT; };
		C482B0C4181598C4001B0B20 /* TRAddPatientViewController.h */ = {isa = PBXFileReference; fileEncoding = 4; lastKnownFileType = sourcecode.c.h; name = TRAddPatientViewController.h; path = ViewControllers/AddPatient/TRAddPatientViewController.h; sourceTree = SOURCE_ROOT; };
		C482B0C5181598C4001B0B20 /* TRAddPatientViewController.m */ = {isa = PBXFileReference; fileEncoding = 4; lastKnownFileType = sourcecode.c.objc; name = TRAddPatientViewController.m; path = ViewControllers/AddPatient/TRAddPatientViewController.m; sourceTree = SOURCE_ROOT; };
		C482B0CA18159A4A001B0B20 /* TRPatientSummaryViewController.h */ = {isa = PBXFileReference; fileEncoding = 4; lastKnownFileType = sourcecode.c.h; name = TRPatientSummaryViewController.h; path = ViewControllers/PatientSummary/TRPatientSummaryViewController.h; sourceTree = SOURCE_ROOT; };
		C482B0CB18159A4A001B0B20 /* TRPatientSummaryViewController.m */ = {isa = PBXFileReference; fileEncoding = 4; lastKnownFileType = sourcecode.c.objc; name = TRPatientSummaryViewController.m; path = ViewControllers/PatientSummary/TRPatientSummaryViewController.m; sourceTree = SOURCE_ROOT; };
		C482B0D218159B4A001B0B20 /* TRTabBarController.h */ = {isa = PBXFileReference; fileEncoding = 4; lastKnownFileType = sourcecode.c.h; name = TRTabBarController.h; path = ViewControllers/TRTabBarController.h; sourceTree = SOURCE_ROOT; };
		C482B0D318159B4A001B0B20 /* TRTabBarController.m */ = {isa = PBXFileReference; fileEncoding = 4; lastKnownFileType = sourcecode.c.objc; name = TRTabBarController.m; path = ViewControllers/TRTabBarController.m; sourceTree = SOURCE_ROOT; };
		C4839E17187A1BF9002990E0 /* TRCustomButton.h */ = {isa = PBXFileReference; fileEncoding = 4; lastKnownFileType = sourcecode.c.h; name = TRCustomButton.h; path = CustomUI/TRCustomButton.h; sourceTree = SOURCE_ROOT; };
		C4839E18187A1BF9002990E0 /* TRCustomButton.m */ = {isa = PBXFileReference; fileEncoding = 4; lastKnownFileType = sourcecode.c.objc; name = TRCustomButton.m; path = CustomUI/TRCustomButton.m; sourceTree = SOURCE_ROOT; };
		C4839E1A187AB284002990E0 /* mark.png */ = {isa = PBXFileReference; lastKnownFileType = image.png; path = mark.png; sourceTree = SOURCE_ROOT; };
		C4839E1B187AB284002990E0 /* mischa.png */ = {isa = PBXFileReference; lastKnownFileType = image.png; path = mischa.png; sourceTree = SOURCE_ROOT; };
		C4839E1C187AB284002990E0 /* willie.png */ = {isa = PBXFileReference; lastKnownFileType = image.png; path = willie.png; sourceTree = SOURCE_ROOT; };
		C48C6E2917E661700065ABBE /* TRx.app */ = {isa = PBXFileReference; explicitFileType = wrapper.application; includeInIndex = 0; path = TRx.app; sourceTree = BUILT_PRODUCTS_DIR; };
		C48C6E2C17E661700065ABBE /* Foundation.framework */ = {isa = PBXFileReference; lastKnownFileType = wrapper.framework; name = Foundation.framework; path = System/Library/Frameworks/Foundation.framework; sourceTree = SDKROOT; };
		C48C6E2E17E661700065ABBE /* CoreGraphics.framework */ = {isa = PBXFileReference; lastKnownFileType = wrapper.framework; name = CoreGraphics.framework; path = System/Library/Frameworks/CoreGraphics.framework; sourceTree = SDKROOT; };
		C48C6E3017E661700065ABBE /* UIKit.framework */ = {isa = PBXFileReference; lastKnownFileType = wrapper.framework; name = UIKit.framework; path = System/Library/Frameworks/UIKit.framework; sourceTree = SDKROOT; };
		C48C6E3217E661700065ABBE /* CoreData.framework */ = {isa = PBXFileReference; lastKnownFileType = wrapper.framework; name = CoreData.framework; path = System/Library/Frameworks/CoreData.framework; sourceTree = SDKROOT; };
		C48C6E3617E661700065ABBE /* TRx-Info.plist */ = {isa = PBXFileReference; lastKnownFileType = text.plist.xml; path = "TRx-Info.plist"; sourceTree = "<group>"; };
		C48C6E3817E661700065ABBE /* en */ = {isa = PBXFileReference; lastKnownFileType = text.plist.strings; name = en; path = en.lproj/InfoPlist.strings; sourceTree = "<group>"; };
		C48C6E3A17E661700065ABBE /* main.m */ = {isa = PBXFileReference; lastKnownFileType = sourcecode.c.objc; path = main.m; sourceTree = "<group>"; };
		C48C6E3C17E661700065ABBE /* TRx-Prefix.pch */ = {isa = PBXFileReference; lastKnownFileType = sourcecode.c.h; path = "TRx-Prefix.pch"; sourceTree = "<group>"; };
		C48C6E3D17E661700065ABBE /* TRAppDelegate.h */ = {isa = PBXFileReference; lastKnownFileType = sourcecode.c.h; path = TRAppDelegate.h; sourceTree = "<group>"; };
		C48C6E3E17E661700065ABBE /* TRAppDelegate.m */ = {isa = PBXFileReference; lastKnownFileType = sourcecode.c.objc; path = TRAppDelegate.m; sourceTree = "<group>"; };
		C48C6E4317E661700065ABBE /* Images.xcassets */ = {isa = PBXFileReference; lastKnownFileType = folder.assetcatalog; path = Images.xcassets; sourceTree = "<group>"; };
		C48C6E4917E661700065ABBE /* TRxTests.xctest */ = {isa = PBXFileReference; explicitFileType = wrapper.cfbundle; includeInIndex = 0; path = TRxTests.xctest; sourceTree = BUILT_PRODUCTS_DIR; };
		C48C6E4A17E661700065ABBE /* XCTest.framework */ = {isa = PBXFileReference; lastKnownFileType = wrapper.framework; name = XCTest.framework; path = Library/Frameworks/XCTest.framework; sourceTree = DEVELOPER_DIR; };
		C48C6E5317E661700065ABBE /* TRxTests-Info.plist */ = {isa = PBXFileReference; lastKnownFileType = text.plist.xml; path = "TRxTests-Info.plist"; sourceTree = "<group>"; };
		C48C6E5517E661700065ABBE /* en */ = {isa = PBXFileReference; lastKnownFileType = text.plist.strings; name = en; path = en.lproj/InfoPlist.strings; sourceTree = "<group>"; };
		C48C6E5717E661700065ABBE /* TRxTests.m */ = {isa = PBXFileReference; lastKnownFileType = sourcecode.c.objc; path = TRxTests.m; sourceTree = "<group>"; };
		C48C6E6617E662220065ABBE /* TRx.xcdatamodel */ = {isa = PBXFileReference; lastKnownFileType = wrapper.xcdatamodel; path = TRx.xcdatamodel; sourceTree = "<group>"; };
		C48C6E6B17E6622F0065ABBE /* TestViewController.h */ = {isa = PBXFileReference; fileEncoding = 4; lastKnownFileType = sourcecode.c.h; name = TestViewController.h; path = Test/TestViewController.h; sourceTree = SOURCE_ROOT; };
		C48C6E6C17E6622F0065ABBE /* TestViewController.m */ = {isa = PBXFileReference; fileEncoding = 4; lastKnownFileType = sourcecode.c.objc; name = TestViewController.m; path = Test/TestViewController.m; sourceTree = SOURCE_ROOT; };
		C4CD8DC0186F496E0016E371 /* PatientListCell.xib */ = {isa = PBXFileReference; fileEncoding = 4; lastKnownFileType = file.xib; name = PatientListCell.xib; path = ViewControllers/XIBs/PatientListCell.xib; sourceTree = SOURCE_ROOT; };
		C4CD8DC2186F49780016E371 /* AddPatient-Landscape.xib */ = {isa = PBXFileReference; fileEncoding = 4; lastKnownFileType = file.xib; name = "AddPatient-Landscape.xib"; path = "ViewControllers/XIBs/AddPatient-Landscape.xib"; sourceTree = SOURCE_ROOT; };
		C4CD8DC3186F49780016E371 /* AddPatient.xib */ = {isa = PBXFileReference; fileEncoding = 4; lastKnownFileType = file.xib; name = AddPatient.xib; path = ViewControllers/XIBs/AddPatient.xib; sourceTree = SOURCE_ROOT; };
		C4CD8DC61870D3D60016E371 /* PatientSummary.xib */ = {isa = PBXFileReference; fileEncoding = 4; lastKnownFileType = file.xib; name = PatientSummary.xib; path = ViewControllers/XIBs/PatientSummary.xib; sourceTree = SOURCE_ROOT; };
		C4CD8DCA1870D4290016E371 /* PatientSummary-Landscape.xib */ = {isa = PBXFileReference; fileEncoding = 4; lastKnownFileType = file.xib; name = "PatientSummary-Landscape.xib"; path = "ViewControllers/XIBs/PatientSummary-Landscape.xib"; sourceTree = SOURCE_ROOT; };
		C4E887631881BEC900B241A6 /* ColorGuide */ = {isa = PBXFileReference; fileEncoding = 4; lastKnownFileType = text; name = ColorGuide; path = ViewControllers/ColorGuide; sourceTree = SOURCE_ROOT; };
		C4EDCF02181C3A2300256DE5 /* TRHistoryViewController.h */ = {isa = PBXFileReference; fileEncoding = 4; lastKnownFileType = sourcecode.c.h; name = TRHistoryViewController.h; path = ViewControllers/History/TRHistoryViewController.h; sourceTree = SOURCE_ROOT; };
		C4EDCF03181C3A2300256DE5 /* TRHistoryViewController.m */ = {isa = PBXFileReference; fileEncoding = 4; lastKnownFileType = sourcecode.c.objc; name = TRHistoryViewController.m; path = ViewControllers/History/TRHistoryViewController.m; sourceTree = SOURCE_ROOT; };
		C4EDCF05181C3A4000256DE5 /* TRPhysicalViewController.h */ = {isa = PBXFileReference; fileEncoding = 4; lastKnownFileType = sourcecode.c.h; name = TRPhysicalViewController.h; path = ViewControllers/Physical/TRPhysicalViewController.h; sourceTree = SOURCE_ROOT; };
		C4EDCF06181C3A4000256DE5 /* TRPhysicalViewController.m */ = {isa = PBXFileReference; fileEncoding = 4; lastKnownFileType = sourcecode.c.objc; name = TRPhysicalViewController.m; path = ViewControllers/Physical/TRPhysicalViewController.m; sourceTree = SOURCE_ROOT; };
		C4EDCF08181C3A5800256DE5 /* TRSurgeryViewController.h */ = {isa = PBXFileReference; fileEncoding = 4; lastKnownFileType = sourcecode.c.h; name = TRSurgeryViewController.h; path = ViewControllers/Surgery/TRSurgeryViewController.h; sourceTree = SOURCE_ROOT; };
		C4EDCF09181C3A5800256DE5 /* TRSurgeryViewController.m */ = {isa = PBXFileReference; fileEncoding = 4; lastKnownFileType = sourcecode.c.objc; name = TRSurgeryViewController.m; path = ViewControllers/Surgery/TRSurgeryViewController.m; sourceTree = SOURCE_ROOT; };
		C4F90D8718159CDE0004578A /* Thumb.jpg */ = {isa = PBXFileReference; lastKnownFileType = image.jpeg; path = Thumb.jpg; sourceTree = SOURCE_ROOT; };
		C4FC4228187245BA00792E1A /* History.xib */ = {isa = PBXFileReference; fileEncoding = 4; lastKnownFileType = file.xib; name = History.xib; path = ViewControllers/XIBs/History.xib; sourceTree = SOURCE_ROOT; };
		C4FC422A1872460500792E1A /* History-Landscape.xib */ = {isa = PBXFileReference; fileEncoding = 4; lastKnownFileType = file.xib; name = "History-Landscape.xib"; path = "ViewControllers/XIBs/History-Landscape.xib"; sourceTree = SOURCE_ROOT; };
		CA35FE7EB0304591A19109D4 /* libPods.a */ = {isa = PBXFileReference; explicitFileType = archive.ar; includeInIndex = 0; path = libPods.a; sourceTree = BUILT_PRODUCTS_DIR; };
/* End PBXFileReference section */

/* Begin PBXFrameworksBuildPhase section */
		C48C6E2617E661700065ABBE /* Frameworks */ = {
			isa = PBXFrameworksBuildPhase;
			buildActionMask = 2147483647;
			files = (
				C48C6E2F17E661700065ABBE /* CoreGraphics.framework in Frameworks */,
				C48C6E3317E661700065ABBE /* CoreData.framework in Frameworks */,
				C48C6E3117E661700065ABBE /* UIKit.framework in Frameworks */,
				C48C6E2D17E661700065ABBE /* Foundation.framework in Frameworks */,
				0CB999C613134C2DB5524417 /* libPods.a in Frameworks */,
			);
			runOnlyForDeploymentPostprocessing = 0;
		};
		C48C6E4617E661700065ABBE /* Frameworks */ = {
			isa = PBXFrameworksBuildPhase;
			buildActionMask = 2147483647;
			files = (
				C48C6E4B17E661700065ABBE /* XCTest.framework in Frameworks */,
				C48C6E4E17E661700065ABBE /* CoreData.framework in Frameworks */,
				C48C6E4D17E661700065ABBE /* UIKit.framework in Frameworks */,
				C48C6E4C17E661700065ABBE /* Foundation.framework in Frameworks */,
			);
			runOnlyForDeploymentPostprocessing = 0;
		};
/* End PBXFrameworksBuildPhase section */

/* Begin PBXGroup section */
		1318E211188271D3000146FC /* ConfigModels */ = {
			isa = PBXGroup;
			children = (
				1318E1F9188202EE000146FC /* CDItem.h */,
				1318E1FA188202EE000146FC /* CDItem.m */,
				1318E1F6188202EE000146FC /* CDItemList.h */,
				1318E1F7188202EE000146FC /* CDItemList.m */,
				1318E20818826B12000146FC /* CDOption.h */,
				1318E20918826B12000146FC /* CDOption.m */,
				1318E20218826B12000146FC /* CDChainList.h */,
				1318E20318826B12000146FC /* CDChainList.m */,
				1318E1FF18826B11000146FC /* CDQuestion.h */,
				1318E20018826B11000146FC /* CDQuestion.m */,
				1318E20E18827193000146FC /* CDQuestionList.h */,
				1318E20F18827193000146FC /* CDQuestionList.m */,
			);
			name = ConfigModels;
			sourceTree = "<group>";
		};
		C403257A1874C8F6003D8159 /* TRQ - Question Items */ = {
			isa = PBXGroup;
			children = (
				C403258A1874CA7C003D8159 /* TRQCheckBox.h */,
				C403258B1874CA7C003D8159 /* TRQCheckBox.m */,
				C40325811874C9CD003D8159 /* TRQLabel.h */,
				C40325821874C9CD003D8159 /* TRQLabel.m */,
				C40325841874C9EB003D8159 /* TRQTextField.h */,
				C40325851874C9EB003D8159 /* TRQTextField.m */,
				C40325871874CA0E003D8159 /* TRQView.h */,
				C40325881874CA0E003D8159 /* TRQView.m */,
				C403258D1874CAA7003D8159 /* TRQYesNoButton.h */,
				C403258E1874CAA7003D8159 /* TRQYesNoButton.m */,
			);
			name = "TRQ - Question Items";
			sourceTree = "<group>";
		};
		C403259918761062003D8159 /* Settings / Config */ = {
			isa = PBXGroup;
			children = (
				C40325961876105B003D8159 /* TRSettingsViewController.h */,
				C40325971876105B003D8159 /* TRSettingsViewController.m */,
				1318E2141883B876000146FC /* example.json */,
				C403259A18761096003D8159 /* Settings.xib */,
				C403259C187610B3003D8159 /* Settings-Landscape.xib */,
			);
			name = "Settings / Config";
			sourceTree = "<group>";
		};
		C43EEED318620D54000E3E12 /* Images */ = {
			isa = PBXGroup;
			children = (
				C4F90D8718159CDE0004578A /* Thumb.jpg */,
				C4839E1A187AB284002990E0 /* mark.png */,
				C4839E1B187AB284002990E0 /* mischa.png */,
				C4839E1C187AB284002990E0 /* willie.png */,
			);
			name = Images;
			sourceTree = "<group>";
		};
		C47B527E17EF79420044E0A7 /* PatientList */ = {
			isa = PBXGroup;
			children = (
				C47B528417EF7A450044E0A7 /* TRPatientListViewController.h */,
				C47B528517EF7A450044E0A7 /* TRPatientListViewController.m */,
				C47B528217EF7A450044E0A7 /* TRPatientListCell.h */,
				C47B528317EF7A450044E0A7 /* TRPatientListCell.m */,
				C4CD8DC0186F496E0016E371 /* PatientListCell.xib */,
			);
			name = PatientList;
			sourceTree = "<group>";
		};
		C482B0C7181598CB001B0B20 /* AddPatient */ = {
			isa = PBXGroup;
			children = (
				C482B0C4181598C4001B0B20 /* TRAddPatientViewController.h */,
				C482B0C5181598C4001B0B20 /* TRAddPatientViewController.m */,
				C4CD8DC3186F49780016E371 /* AddPatient.xib */,
				C4CD8DC2186F49780016E371 /* AddPatient-Landscape.xib */,
			);
			name = AddPatient;
			sourceTree = "<group>";
		};
		C482B0C8181598E0001B0B20 /* NavigationController */ = {
			isa = PBXGroup;
			children = (
				C46B4814180C3854002CF789 /* TRNavigationController.h */,
				C46B4815180C3854002CF789 /* TRNavigationController.m */,
			);
			name = NavigationController;
			sourceTree = "<group>";
		};
		C482B0C918159A21001B0B20 /* Patient Summary */ = {
			isa = PBXGroup;
			children = (
				C482B0CA18159A4A001B0B20 /* TRPatientSummaryViewController.h */,
				C482B0CB18159A4A001B0B20 /* TRPatientSummaryViewController.m */,
				C4CD8DC61870D3D60016E371 /* PatientSummary.xib */,
				C4CD8DCA1870D4290016E371 /* PatientSummary-Landscape.xib */,
			);
			name = "Patient Summary";
			sourceTree = "<group>";
		};
		C482B0D118159B1C001B0B20 /* TabBarController */ = {
			isa = PBXGroup;
			children = (
				C482B0D218159B4A001B0B20 /* TRTabBarController.h */,
				C482B0D318159B4A001B0B20 /* TRTabBarController.m */,
			);
			name = TabBarController;
			sourceTree = "<group>";
		};
		C48C6E2017E661700065ABBE = {
			isa = PBXGroup;
			children = (
				C48C6E3417E661700065ABBE /* TRx */,
				C48C6E5117E661700065ABBE /* TRxTests */,
				C48C6E2B17E661700065ABBE /* Frameworks */,
				C48C6E2A17E661700065ABBE /* Products */,
				520D5244C93F431DA0DBD15B /* Pods.xcconfig */,
			);
			sourceTree = "<group>";
		};
		C48C6E2A17E661700065ABBE /* Products */ = {
			isa = PBXGroup;
			children = (
				C48C6E2917E661700065ABBE /* TRx.app */,
				C48C6E4917E661700065ABBE /* TRxTests.xctest */,
			);
			name = Products;
			sourceTree = "<group>";
		};
		C48C6E2B17E661700065ABBE /* Frameworks */ = {
			isa = PBXGroup;
			children = (
				C48C6E2C17E661700065ABBE /* Foundation.framework */,
				C48C6E2E17E661700065ABBE /* CoreGraphics.framework */,
				C48C6E3017E661700065ABBE /* UIKit.framework */,
				C48C6E3217E661700065ABBE /* CoreData.framework */,
				C48C6E4A17E661700065ABBE /* XCTest.framework */,
				CA35FE7EB0304591A19109D4 /* libPods.a */,
			);
			name = Frameworks;
			sourceTree = "<group>";
		};
		C48C6E3417E661700065ABBE /* TRx */ = {
			isa = PBXGroup;
			children = (
				C48C6E6117E661E70065ABBE /* Test */,
				C48C6E6217E661F10065ABBE /* Data / Models */,
				C403259918761062003D8159 /* Settings / Config */,
				C48C6E6417E6620E0065ABBE /* Views / Controllers */,
				C403257A1874C8F6003D8159 /* TRQ - Question Items */,
				C4EDCF0B181C43E400256DE5 /* Custom UI */,
				C48C6E3D17E661700065ABBE /* TRAppDelegate.h */,
				C48C6E3E17E661700065ABBE /* TRAppDelegate.m */,
				C48C6E3617E661700065ABBE /* TRx-Info.plist */,
				C48C6E4317E661700065ABBE /* Images.xcassets */,
				C43EEED318620D54000E3E12 /* Images */,
				C48C6E3517E661700065ABBE /* Supporting Files */,
			);
			path = TRx;
			sourceTree = "<group>";
		};
		C48C6E3517E661700065ABBE /* Supporting Files */ = {
			isa = PBXGroup;
			children = (
				C48C6E3717E661700065ABBE /* InfoPlist.strings */,
				C48C6E3A17E661700065ABBE /* main.m */,
				C48C6E3C17E661700065ABBE /* TRx-Prefix.pch */,
			);
			name = "Supporting Files";
			sourceTree = "<group>";
		};
		C48C6E5117E661700065ABBE /* TRxTests */ = {
			isa = PBXGroup;
			children = (
				C48C6E5717E661700065ABBE /* TRxTests.m */,
				C48C6E5217E661700065ABBE /* Supporting Files */,
			);
			path = TRxTests;
			sourceTree = "<group>";
		};
		C48C6E5217E661700065ABBE /* Supporting Files */ = {
			isa = PBXGroup;
			children = (
				C48C6E5317E661700065ABBE /* TRxTests-Info.plist */,
				C48C6E5417E661700065ABBE /* InfoPlist.strings */,
			);
			name = "Supporting Files";
			sourceTree = "<group>";
		};
		C48C6E6117E661E70065ABBE /* Test */ = {
			isa = PBXGroup;
			children = (
				C48C6E6B17E6622F0065ABBE /* TestViewController.h */,
				C48C6E6C17E6622F0065ABBE /* TestViewController.m */,
			);
			name = Test;
			sourceTree = "<group>";
		};
		C48C6E6217E661F10065ABBE /* Data / Models */ = {
			isa = PBXGroup;
			children = (
				C48C6E6317E661F90065ABBE /* Models */,
				C48C6E6517E662220065ABBE /* TRx.xcdatamodeld */,
			);
			name = "Data / Models";
			sourceTree = "<group>";
		};
		C48C6E6317E661F90065ABBE /* Models */ = {
			isa = PBXGroup;
			children = (
				1318E211188271D3000146FC /* ConfigModels */,
				1374F161185A453C003CB138 /* CDPatient.h */,
				1374F162185A453C003CB138 /* CDPatient.m */,
				1318E1FC18823795000146FC /* MyManagedObjectContext.h */,
				1318E1FD18823795000146FC /* MyManagedObjectContext.m */,
			);
			name = Models;
			sourceTree = "<group>";
		};
		C48C6E6417E6620E0065ABBE /* Views / Controllers */ = {
			isa = PBXGroup;
			children = (
				C4E887631881BEC900B241A6 /* ColorGuide */,
				C482B0C8181598E0001B0B20 /* NavigationController */,
				C47B527E17EF79420044E0A7 /* PatientList */,
				C482B0C7181598CB001B0B20 /* AddPatient */,
				C482B0D118159B1C001B0B20 /* TabBarController */,
				C482B0C918159A21001B0B20 /* Patient Summary */,
				C4EDCEF8181C395600256DE5 /* History */,
				C4EDCEF9181C396C00256DE5 /* Physical */,
				C4EDCEFA181C398700256DE5 /* Surgery */,
			);
			name = "Views / Controllers";
			sourceTree = "<group>";
		};
		C4EDCEF8181C395600256DE5 /* History */ = {
			isa = PBXGroup;
			children = (
				C4EDCF02181C3A2300256DE5 /* TRHistoryViewController.h */,
				C4EDCF03181C3A2300256DE5 /* TRHistoryViewController.m */,
				C403257B1874C943003D8159 /* TRHistoryHelper.h */,
				C403257C1874C943003D8159 /* TRHistoryHelper.m */,
				C4FC4228187245BA00792E1A /* History.xib */,
				C4FC422A1872460500792E1A /* History-Landscape.xib */,
			);
			name = History;
			sourceTree = "<group>";
		};
		C4EDCEF9181C396C00256DE5 /* Physical */ = {
			isa = PBXGroup;
			children = (
				C4EDCF05181C3A4000256DE5 /* TRPhysicalViewController.h */,
				C4EDCF06181C3A4000256DE5 /* TRPhysicalViewController.m */,
			);
			name = Physical;
			sourceTree = "<group>";
		};
		C4EDCEFA181C398700256DE5 /* Surgery */ = {
			isa = PBXGroup;
			children = (
				C4EDCF08181C3A5800256DE5 /* TRSurgeryViewController.h */,
				C4EDCF09181C3A5800256DE5 /* TRSurgeryViewController.m */,
			);
			name = Surgery;
			sourceTree = "<group>";
		};
		C4EDCF0B181C43E400256DE5 /* Custom UI */ = {
			isa = PBXGroup;
			children = (
				C4839E17187A1BF9002990E0 /* TRCustomButton.h */,
				C4839E18187A1BF9002990E0 /* TRCustomButton.m */,
				C40325921874CF4E003D8159 /* TRBorderedImageView.h */,
				C40325931874CF4E003D8159 /* TRBorderedImageView.m */,
			);
			name = "Custom UI";
			sourceTree = "<group>";
		};
/* End PBXGroup section */

/* Begin PBXNativeTarget section */
		C48C6E2817E661700065ABBE /* TRx */ = {
			isa = PBXNativeTarget;
			buildConfigurationList = C48C6E5B17E661700065ABBE /* Build configuration list for PBXNativeTarget "TRx" */;
			buildPhases = (
				7AA223F048B941AD84040314 /* Check Pods Manifest.lock */,
				C48C6E2517E661700065ABBE /* Sources */,
				C48C6E2617E661700065ABBE /* Frameworks */,
				C48C6E2717E661700065ABBE /* Resources */,
				6152A5F2C41D4FB9B8D95704 /* Copy Pods Resources */,
			);
			buildRules = (
			);
			dependencies = (
			);
			name = TRx;
			productName = TRx;
			productReference = C48C6E2917E661700065ABBE /* TRx.app */;
			productType = "com.apple.product-type.application";
		};
		C48C6E4817E661700065ABBE /* TRxTests */ = {
			isa = PBXNativeTarget;
			buildConfigurationList = C48C6E5E17E661700065ABBE /* Build configuration list for PBXNativeTarget "TRxTests" */;
			buildPhases = (
				C48C6E4517E661700065ABBE /* Sources */,
				C48C6E4617E661700065ABBE /* Frameworks */,
				C48C6E4717E661700065ABBE /* Resources */,
			);
			buildRules = (
			);
			dependencies = (
				C48C6E5017E661700065ABBE /* PBXTargetDependency */,
			);
			name = TRxTests;
			productName = TRxTests;
			productReference = C48C6E4917E661700065ABBE /* TRxTests.xctest */;
			productType = "com.apple.product-type.bundle.unit-test";
		};
/* End PBXNativeTarget section */

/* Begin PBXProject section */
		C48C6E2117E661700065ABBE /* Project object */ = {
			isa = PBXProject;
			attributes = {
				CLASSPREFIX = TR;
				LastUpgradeCheck = 0500;
				ORGANIZATIONNAME = TeamHaiti;
				TargetAttributes = {
					C48C6E4817E661700065ABBE = {
						TestTargetID = C48C6E2817E661700065ABBE;
					};
				};
			};
			buildConfigurationList = C48C6E2417E661700065ABBE /* Build configuration list for PBXProject "TRx" */;
			compatibilityVersion = "Xcode 3.2";
			developmentRegion = English;
			hasScannedForEncodings = 0;
			knownRegions = (
				en,
			);
			mainGroup = C48C6E2017E661700065ABBE;
			productRefGroup = C48C6E2A17E661700065ABBE /* Products */;
			projectDirPath = "";
			projectRoot = "";
			targets = (
				C48C6E2817E661700065ABBE /* TRx */,
				C48C6E4817E661700065ABBE /* TRxTests */,
			);
		};
/* End PBXProject section */

/* Begin PBXResourcesBuildPhase section */
		C48C6E2717E661700065ABBE /* Resources */ = {
			isa = PBXResourcesBuildPhase;
			buildActionMask = 2147483647;
			files = (
				C4CD8DCB1870D4290016E371 /* PatientSummary-Landscape.xib in Resources */,
				1318E2151883B876000146FC /* example.json in Resources */,
				C4F90D8818159CDE0004578A /* Thumb.jpg in Resources */,
				C4E887641881BEC900B241A6 /* ColorGuide in Resources */,
				C403259B18761096003D8159 /* Settings.xib in Resources */,
				C4839E1F187AB284002990E0 /* willie.png in Resources */,
				C4CD8DC1186F496E0016E371 /* PatientListCell.xib in Resources */,
				C4FC4229187245BA00792E1A /* History.xib in Resources */,
				C4839E1E187AB284002990E0 /* mischa.png in Resources */,
				C4CD8DC4186F49780016E371 /* AddPatient-Landscape.xib in Resources */,
				C48C6E3917E661700065ABBE /* InfoPlist.strings in Resources */,
				C4839E1D187AB284002990E0 /* mark.png in Resources */,
				C4CD8DC71870D3D60016E371 /* PatientSummary.xib in Resources */,
				C403259D187610B3003D8159 /* Settings-Landscape.xib in Resources */,
				C48C6E4417E661700065ABBE /* Images.xcassets in Resources */,
				C4FC422B1872460500792E1A /* History-Landscape.xib in Resources */,
				C4CD8DC5186F49780016E371 /* AddPatient.xib in Resources */,
			);
			runOnlyForDeploymentPostprocessing = 0;
		};
		C48C6E4717E661700065ABBE /* Resources */ = {
			isa = PBXResourcesBuildPhase;
			buildActionMask = 2147483647;
			files = (
				C48C6E5617E661700065ABBE /* InfoPlist.strings in Resources */,
			);
			runOnlyForDeploymentPostprocessing = 0;
		};
/* End PBXResourcesBuildPhase section */

/* Begin PBXShellScriptBuildPhase section */
		6152A5F2C41D4FB9B8D95704 /* Copy Pods Resources */ = {
			isa = PBXShellScriptBuildPhase;
			buildActionMask = 2147483647;
			files = (
			);
			inputPaths = (
			);
			name = "Copy Pods Resources";
			outputPaths = (
			);
			runOnlyForDeploymentPostprocessing = 0;
			shellPath = /bin/sh;
			shellScript = "\"${SRCROOT}/Pods/Pods-resources.sh\"\n";
			showEnvVarsInLog = 0;
		};
		7AA223F048B941AD84040314 /* Check Pods Manifest.lock */ = {
			isa = PBXShellScriptBuildPhase;
			buildActionMask = 2147483647;
			files = (
			);
			inputPaths = (
			);
			name = "Check Pods Manifest.lock";
			outputPaths = (
			);
			runOnlyForDeploymentPostprocessing = 0;
			shellPath = /bin/sh;
			shellScript = "diff \"${PODS_ROOT}/../Podfile.lock\" \"${PODS_ROOT}/Manifest.lock\" > /dev/null\nif [[ $? != 0 ]] ; then\n    cat << EOM\nerror: The sandbox is not in sync with the Podfile.lock. Run 'pod install' or update your CocoaPods installation.\nEOM\n    exit 1\nfi\n";
			showEnvVarsInLog = 0;
		};
/* End PBXShellScriptBuildPhase section */

/* Begin PBXSourcesBuildPhase section */
		C48C6E2517E661700065ABBE /* Sources */ = {
			isa = PBXSourcesBuildPhase;
			buildActionMask = 2147483647;
			files = (
				1318E1FB188202EE000146FC /* CDItem.m in Sources */,
				C48C6E6717E662220065ABBE /* TRx.xcdatamodeld in Sources */,
				1374F163185A453C003CB138 /* CDPatient.m in Sources */,
				C4EDCF04181C3A2300256DE5 /* TRHistoryViewController.m in Sources */,
				C40325981876105B003D8159 /* TRSettingsViewController.m in Sources */,
				1318E1F8188202EE000146FC /* CDItemList.m in Sources */,
				C482B0CC18159A4A001B0B20 /* TRPatientSummaryViewController.m in Sources */,
				C48C6E3F17E661700065ABBE /* TRAppDelegate.m in Sources */,
				C40325951874CF4E003D8159 /* TRBorderedImageView.m in Sources */,
				C403257D1874C943003D8159 /* TRHistoryHelper.m in Sources */,
				C48C6E3B17E661700065ABBE /* main.m in Sources */,
				C403258F1874CAA7003D8159 /* TRQYesNoButton.m in Sources */,
				C40325891874CA0E003D8159 /* TRQView.m in Sources */,
				1318E21018827193000146FC /* CDQuestionList.m in Sources */,
				C4839E19187A1BF9002990E0 /* TRCustomButton.m in Sources */,
				C4EDCF07181C3A4000256DE5 /* TRPhysicalViewController.m in Sources */,
				1318E20418826B12000146FC /* CDChainList.m in Sources */,
				C46B4816180C3854002CF789 /* TRNavigationController.m in Sources */,
				1318E1FE18823795000146FC /* MyManagedObjectContext.m in Sources */,
				C47B528717EF7A450044E0A7 /* TRPatientListViewController.m in Sources */,
				C4EDCF0A181C3A5800256DE5 /* TRSurgeryViewController.m in Sources */,
				C40325861874C9EB003D8159 /* TRQTextField.m in Sources */,
				C47B528617EF7A450044E0A7 /* TRPatientListCell.m in Sources */,
				C40325831874C9CD003D8159 /* TRQLabel.m in Sources */,
				C48C6E6D17E6622F0065ABBE /* TestViewController.m in Sources */,
				C482B0C6181598C4001B0B20 /* TRAddPatientViewController.m in Sources */,
				1318E20118826B11000146FC /* CDQuestion.m in Sources */,
				C482B0D418159B4A001B0B20 /* TRTabBarController.m in Sources */,
				C403258C1874CA7C003D8159 /* TRQCheckBox.m in Sources */,
				1318E20A18826B12000146FC /* CDOption.m in Sources */,
			);
			runOnlyForDeploymentPostprocessing = 0;
		};
		C48C6E4517E661700065ABBE /* Sources */ = {
			isa = PBXSourcesBuildPhase;
			buildActionMask = 2147483647;
			files = (
				C48C6E5817E661700065ABBE /* TRxTests.m in Sources */,
			);
			runOnlyForDeploymentPostprocessing = 0;
		};
/* End PBXSourcesBuildPhase section */

/* Begin PBXTargetDependency section */
		C48C6E5017E661700065ABBE /* PBXTargetDependency */ = {
			isa = PBXTargetDependency;
			target = C48C6E2817E661700065ABBE /* TRx */;
			targetProxy = C48C6E4F17E661700065ABBE /* PBXContainerItemProxy */;
		};
/* End PBXTargetDependency section */

/* Begin PBXVariantGroup section */
		C48C6E3717E661700065ABBE /* InfoPlist.strings */ = {
			isa = PBXVariantGroup;
			children = (
				C48C6E3817E661700065ABBE /* en */,
			);
			name = InfoPlist.strings;
			sourceTree = "<group>";
		};
		C48C6E5417E661700065ABBE /* InfoPlist.strings */ = {
			isa = PBXVariantGroup;
			children = (
				C48C6E5517E661700065ABBE /* en */,
			);
			name = InfoPlist.strings;
			sourceTree = "<group>";
		};
/* End PBXVariantGroup section */

/* Begin XCBuildConfiguration section */
		C48C6E5917E661700065ABBE /* Debug */ = {
			isa = XCBuildConfiguration;
			buildSettings = {
				ALWAYS_SEARCH_USER_PATHS = NO;
				ARCHS = "$(ARCHS_STANDARD_INCLUDING_64_BIT)";
				CLANG_CXX_LANGUAGE_STANDARD = "gnu++0x";
				CLANG_CXX_LIBRARY = "libc++";
				CLANG_ENABLE_MODULES = YES;
				CLANG_ENABLE_OBJC_ARC = YES;
				CLANG_WARN_BOOL_CONVERSION = YES;
				CLANG_WARN_CONSTANT_CONVERSION = YES;
				CLANG_WARN_DIRECT_OBJC_ISA_USAGE = YES_ERROR;
				CLANG_WARN_EMPTY_BODY = YES;
				CLANG_WARN_ENUM_CONVERSION = YES;
				CLANG_WARN_INT_CONVERSION = YES;
				CLANG_WARN_OBJC_ROOT_CLASS = YES_ERROR;
				CLANG_WARN__DUPLICATE_METHOD_MATCH = YES;
				"CODE_SIGN_IDENTITY[sdk=iphoneos*]" = "iPhone Developer";
				COPY_PHASE_STRIP = NO;
				GCC_C_LANGUAGE_STANDARD = gnu99;
				GCC_DYNAMIC_NO_PIC = NO;
				GCC_OPTIMIZATION_LEVEL = 0;
				GCC_PREPROCESSOR_DEFINITIONS = (
					"DEBUG=1",
					"$(inherited)",
				);
				GCC_SYMBOLS_PRIVATE_EXTERN = NO;
				GCC_WARN_64_TO_32_BIT_CONVERSION = YES;
				GCC_WARN_ABOUT_RETURN_TYPE = YES_ERROR;
				GCC_WARN_UNDECLARED_SELECTOR = YES;
				GCC_WARN_UNINITIALIZED_AUTOS = YES;
				GCC_WARN_UNUSED_FUNCTION = YES;
				GCC_WARN_UNUSED_VARIABLE = YES;
				IPHONEOS_DEPLOYMENT_TARGET = 7.0;
				ONLY_ACTIVE_ARCH = YES;
				SDKROOT = iphoneos;
				TARGETED_DEVICE_FAMILY = 2;
			};
			name = Debug;
		};
		C48C6E5A17E661700065ABBE /* Release */ = {
			isa = XCBuildConfiguration;
			buildSettings = {
				ALWAYS_SEARCH_USER_PATHS = NO;
				ARCHS = "$(ARCHS_STANDARD_INCLUDING_64_BIT)";
				CLANG_CXX_LANGUAGE_STANDARD = "gnu++0x";
				CLANG_CXX_LIBRARY = "libc++";
				CLANG_ENABLE_MODULES = YES;
				CLANG_ENABLE_OBJC_ARC = YES;
				CLANG_WARN_BOOL_CONVERSION = YES;
				CLANG_WARN_CONSTANT_CONVERSION = YES;
				CLANG_WARN_DIRECT_OBJC_ISA_USAGE = YES_ERROR;
				CLANG_WARN_EMPTY_BODY = YES;
				CLANG_WARN_ENUM_CONVERSION = YES;
				CLANG_WARN_INT_CONVERSION = YES;
				CLANG_WARN_OBJC_ROOT_CLASS = YES_ERROR;
				CLANG_WARN__DUPLICATE_METHOD_MATCH = YES;
				"CODE_SIGN_IDENTITY[sdk=iphoneos*]" = "iPhone Developer";
				COPY_PHASE_STRIP = YES;
				ENABLE_NS_ASSERTIONS = NO;
				GCC_C_LANGUAGE_STANDARD = gnu99;
				GCC_WARN_64_TO_32_BIT_CONVERSION = YES;
				GCC_WARN_ABOUT_RETURN_TYPE = YES_ERROR;
				GCC_WARN_UNDECLARED_SELECTOR = YES;
				GCC_WARN_UNINITIALIZED_AUTOS = YES;
				GCC_WARN_UNUSED_FUNCTION = YES;
				GCC_WARN_UNUSED_VARIABLE = YES;
				IPHONEOS_DEPLOYMENT_TARGET = 7.0;
				SDKROOT = iphoneos;
				TARGETED_DEVICE_FAMILY = 2;
				VALIDATE_PRODUCT = YES;
			};
			name = Release;
		};
		C48C6E5C17E661700065ABBE /* Debug */ = {
			isa = XCBuildConfiguration;
			baseConfigurationReference = 520D5244C93F431DA0DBD15B /* Pods.xcconfig */;
			buildSettings = {
				ASSETCATALOG_COMPILER_APPICON_NAME = AppIcon;
				ASSETCATALOG_COMPILER_LAUNCHIMAGE_NAME = LaunchImage;
				GCC_PRECOMPILE_PREFIX_HEADER = YES;
				GCC_PREFIX_HEADER = "TRx/TRx-Prefix.pch";
				INFOPLIST_FILE = "TRx/TRx-Info.plist";
				PRODUCT_NAME = "$(TARGET_NAME)";
				WRAPPER_EXTENSION = app;
			};
			name = Debug;
		};
		C48C6E5D17E661700065ABBE /* Release */ = {
			isa = XCBuildConfiguration;
			baseConfigurationReference = 520D5244C93F431DA0DBD15B /* Pods.xcconfig */;
			buildSettings = {
				ASSETCATALOG_COMPILER_APPICON_NAME = AppIcon;
				ASSETCATALOG_COMPILER_LAUNCHIMAGE_NAME = LaunchImage;
				GCC_PRECOMPILE_PREFIX_HEADER = YES;
				GCC_PREFIX_HEADER = "TRx/TRx-Prefix.pch";
				INFOPLIST_FILE = "TRx/TRx-Info.plist";
				PRODUCT_NAME = "$(TARGET_NAME)";
				WRAPPER_EXTENSION = app;
			};
			name = Release;
		};
		C48C6E5F17E661700065ABBE /* Debug */ = {
			isa = XCBuildConfiguration;
			buildSettings = {
				ARCHS = "$(ARCHS_STANDARD_INCLUDING_64_BIT)";
				BUNDLE_LOADER = "$(BUILT_PRODUCTS_DIR)/TRx.app/TRx";
				FRAMEWORK_SEARCH_PATHS = (
					"$(SDKROOT)/Developer/Library/Frameworks",
					"$(inherited)",
					"$(DEVELOPER_FRAMEWORKS_DIR)",
				);
				GCC_PRECOMPILE_PREFIX_HEADER = YES;
				GCC_PREFIX_HEADER = "TRx/TRx-Prefix.pch";
				GCC_PREPROCESSOR_DEFINITIONS = (
					"DEBUG=1",
					"$(inherited)",
				);
				INFOPLIST_FILE = "TRxTests/TRxTests-Info.plist";
				PRODUCT_NAME = "$(TARGET_NAME)";
				TEST_HOST = "$(BUNDLE_LOADER)";
				WRAPPER_EXTENSION = xctest;
			};
			name = Debug;
		};
		C48C6E6017E661700065ABBE /* Release */ = {
			isa = XCBuildConfiguration;
			buildSettings = {
				ARCHS = "$(ARCHS_STANDARD_INCLUDING_64_BIT)";
				BUNDLE_LOADER = "$(BUILT_PRODUCTS_DIR)/TRx.app/TRx";
				FRAMEWORK_SEARCH_PATHS = (
					"$(SDKROOT)/Developer/Library/Frameworks",
					"$(inherited)",
					"$(DEVELOPER_FRAMEWORKS_DIR)",
				);
				GCC_PRECOMPILE_PREFIX_HEADER = YES;
				GCC_PREFIX_HEADER = "TRx/TRx-Prefix.pch";
				INFOPLIST_FILE = "TRxTests/TRxTests-Info.plist";
				PRODUCT_NAME = "$(TARGET_NAME)";
				TEST_HOST = "$(BUNDLE_LOADER)";
				WRAPPER_EXTENSION = xctest;
			};
			name = Release;
		};
/* End XCBuildConfiguration section */

/* Begin XCConfigurationList section */
		C48C6E2417E661700065ABBE /* Build configuration list for PBXProject "TRx" */ = {
			isa = XCConfigurationList;
			buildConfigurations = (
				C48C6E5917E661700065ABBE /* Debug */,
				C48C6E5A17E661700065ABBE /* Release */,
			);
			defaultConfigurationIsVisible = 0;
			defaultConfigurationName = Release;
		};
		C48C6E5B17E661700065ABBE /* Build configuration list for PBXNativeTarget "TRx" */ = {
			isa = XCConfigurationList;
			buildConfigurations = (
				C48C6E5C17E661700065ABBE /* Debug */,
				C48C6E5D17E661700065ABBE /* Release */,
			);
			defaultConfigurationIsVisible = 0;
			defaultConfigurationName = Release;
		};
		C48C6E5E17E661700065ABBE /* Build configuration list for PBXNativeTarget "TRxTests" */ = {
			isa = XCConfigurationList;
			buildConfigurations = (
				C48C6E5F17E661700065ABBE /* Debug */,
				C48C6E6017E661700065ABBE /* Release */,
			);
			defaultConfigurationIsVisible = 0;
			defaultConfigurationName = Release;
		};
/* End XCConfigurationList section */

/* Begin XCVersionGroup section */
		C48C6E6517E662220065ABBE /* TRx.xcdatamodeld */ = {
			isa = XCVersionGroup;
			children = (
				C48C6E6617E662220065ABBE /* TRx.xcdatamodel */,
			);
			currentVersion = C48C6E6617E662220065ABBE /* TRx.xcdatamodel */;
			name = TRx.xcdatamodeld;
			path = ../Data/TRx.xcdatamodeld;
			sourceTree = "<group>";
			versionGroupType = wrapper.xcdatamodel;
		};
/* End XCVersionGroup section */
	};
	rootObject = C48C6E2117E661700065ABBE /* Project object */;
}
