// !$*UTF8*$!
{
	archiveVersion = 1;
	classes = {
	};
	objectVersion = 46;
	objects = {

/* Begin PBXBuildFile section */
		C4A58EC717E4F92D00977E74 /* Foundation.framework in Frameworks */ = {isa = PBXBuildFile; fileRef = C4A58EC617E4F92D00977E74 /* Foundation.framework */; };
		C4A58EC917E4F92D00977E74 /* CoreGraphics.framework in Frameworks */ = {isa = PBXBuildFile; fileRef = C4A58EC817E4F92D00977E74 /* CoreGraphics.framework */; };
		C4A58ECB17E4F92D00977E74 /* UIKit.framework in Frameworks */ = {isa = PBXBuildFile; fileRef = C4A58ECA17E4F92D00977E74 /* UIKit.framework */; };
		C4A58ED117E4F92D00977E74 /* InfoPlist.strings in Resources */ = {isa = PBXBuildFile; fileRef = C4A58ECF17E4F92D00977E74 /* InfoPlist.strings */; };
		C4A58ED317E4F92D00977E74 /* main.m in Sources */ = {isa = PBXBuildFile; fileRef = C4A58ED217E4F92D00977E74 /* main.m */; };
		C4A58ED717E4F92D00977E74 /* TRAppDelegate.m in Sources */ = {isa = PBXBuildFile; fileRef = C4A58ED617E4F92D00977E74 /* TRAppDelegate.m */; };
		C4A58EDA17E4F92D00977E74 /* Main.storyboard in Resources */ = {isa = PBXBuildFile; fileRef = C4A58ED817E4F92D00977E74 /* Main.storyboard */; };
		C4A58EDF17E4F92D00977E74 /* Images.xcassets in Resources */ = {isa = PBXBuildFile; fileRef = C4A58EDE17E4F92D00977E74 /* Images.xcassets */; };
		C4A58EE617E4F92D00977E74 /* XCTest.framework in Frameworks */ = {isa = PBXBuildFile; fileRef = C4A58EE517E4F92D00977E74 /* XCTest.framework */; };
		C4A58EE717E4F92D00977E74 /* Foundation.framework in Frameworks */ = {isa = PBXBuildFile; fileRef = C4A58EC617E4F92D00977E74 /* Foundation.framework */; };
		C4A58EE817E4F92D00977E74 /* UIKit.framework in Frameworks */ = {isa = PBXBuildFile; fileRef = C4A58ECA17E4F92D00977E74 /* UIKit.framework */; };
		C4A58EF017E4F92D00977E74 /* InfoPlist.strings in Resources */ = {isa = PBXBuildFile; fileRef = C4A58EEE17E4F92D00977E74 /* InfoPlist.strings */; };
		C4A58EF217E4F92D00977E74 /* TRxTests.m in Sources */ = {isa = PBXBuildFile; fileRef = C4A58EF117E4F92D00977E74 /* TRxTests.m */; };
		C4A58F0417E4FAE000977E74 /* TRx.xcdatamodeld in Sources */ = {isa = PBXBuildFile; fileRef = C4A58F0217E4FAE000977E74 /* TRx.xcdatamodeld */; };
		C4A58F0717E4FAE800977E74 /* TRPatient.m in Sources */ = {isa = PBXBuildFile; fileRef = C4A58F0617E4FAE800977E74 /* TRPatient.m */; };
		C4A58F0A17E4FAF000977E74 /* TestViewController.m in Sources */ = {isa = PBXBuildFile; fileRef = C4A58F0917E4FAF000977E74 /* TestViewController.m */; };
		C4A58F0D17E4FAF800977E74 /* TRPatientListViewController.m in Sources */ = {isa = PBXBuildFile; fileRef = C4A58F0C17E4FAF800977E74 /* TRPatientListViewController.m */; };
/* End PBXBuildFile section */

/* Begin PBXContainerItemProxy section */
		C4A58EE917E4F92D00977E74 /* PBXContainerItemProxy */ = {
			isa = PBXContainerItemProxy;
			containerPortal = C4A58EBB17E4F92D00977E74 /* Project object */;
			proxyType = 1;
			remoteGlobalIDString = C4A58EC217E4F92D00977E74;
			remoteInfo = TRx;
		};
/* End PBXContainerItemProxy section */

/* Begin PBXFileReference section */
		C4A58EC317E4F92D00977E74 /* TRx.app */ = {isa = PBXFileReference; explicitFileType = wrapper.application; includeInIndex = 0; path = TRx.app; sourceTree = BUILT_PRODUCTS_DIR; };
		C4A58EC617E4F92D00977E74 /* Foundation.framework */ = {isa = PBXFileReference; lastKnownFileType = wrapper.framework; name = Foundation.framework; path = System/Library/Frameworks/Foundation.framework; sourceTree = SDKROOT; };
		C4A58EC817E4F92D00977E74 /* CoreGraphics.framework */ = {isa = PBXFileReference; lastKnownFileType = wrapper.framework; name = CoreGraphics.framework; path = System/Library/Frameworks/CoreGraphics.framework; sourceTree = SDKROOT; };
		C4A58ECA17E4F92D00977E74 /* UIKit.framework */ = {isa = PBXFileReference; lastKnownFileType = wrapper.framework; name = UIKit.framework; path = System/Library/Frameworks/UIKit.framework; sourceTree = SDKROOT; };
		C4A58ECE17E4F92D00977E74 /* TRx-Info.plist */ = {isa = PBXFileReference; lastKnownFileType = text.plist.xml; path = "TRx-Info.plist"; sourceTree = "<group>"; };
		C4A58ED017E4F92D00977E74 /* en */ = {isa = PBXFileReference; lastKnownFileType = text.plist.strings; name = en; path = en.lproj/InfoPlist.strings; sourceTree = "<group>"; };
		C4A58ED217E4F92D00977E74 /* main.m */ = {isa = PBXFileReference; lastKnownFileType = sourcecode.c.objc; path = main.m; sourceTree = "<group>"; };
		C4A58ED417E4F92D00977E74 /* TRx-Prefix.pch */ = {isa = PBXFileReference; lastKnownFileType = sourcecode.c.h; path = "TRx-Prefix.pch"; sourceTree = "<group>"; };
		C4A58ED517E4F92D00977E74 /* TRAppDelegate.h */ = {isa = PBXFileReference; lastKnownFileType = sourcecode.c.h; path = TRAppDelegate.h; sourceTree = "<group>"; };
		C4A58ED617E4F92D00977E74 /* TRAppDelegate.m */ = {isa = PBXFileReference; lastKnownFileType = sourcecode.c.objc; path = TRAppDelegate.m; sourceTree = "<group>"; };
		C4A58ED917E4F92D00977E74 /* Base */ = {isa = PBXFileReference; lastKnownFileType = file.storyboard; name = Base; path = Base.lproj/Main.storyboard; sourceTree = "<group>"; };
		C4A58EDE17E4F92D00977E74 /* Images.xcassets */ = {isa = PBXFileReference; lastKnownFileType = folder.assetcatalog; path = Images.xcassets; sourceTree = "<group>"; };
		C4A58EE417E4F92D00977E74 /* TRxTests.xctest */ = {isa = PBXFileReference; explicitFileType = wrapper.cfbundle; includeInIndex = 0; path = TRxTests.xctest; sourceTree = BUILT_PRODUCTS_DIR; };
		C4A58EE517E4F92D00977E74 /* XCTest.framework */ = {isa = PBXFileReference; lastKnownFileType = wrapper.framework; name = XCTest.framework; path = Library/Frameworks/XCTest.framework; sourceTree = DEVELOPER_DIR; };
		C4A58EED17E4F92D00977E74 /* TRxTests-Info.plist */ = {isa = PBXFileReference; lastKnownFileType = text.plist.xml; path = "TRxTests-Info.plist"; sourceTree = "<group>"; };
		C4A58EEF17E4F92D00977E74 /* en */ = {isa = PBXFileReference; lastKnownFileType = text.plist.strings; name = en; path = en.lproj/InfoPlist.strings; sourceTree = "<group>"; };
		C4A58EF117E4F92D00977E74 /* TRxTests.m */ = {isa = PBXFileReference; lastKnownFileType = sourcecode.c.objc; path = TRxTests.m; sourceTree = "<group>"; };
		C4A58F0317E4FAE000977E74 /* TRx.xcdatamodel */ = {isa = PBXFileReference; lastKnownFileType = wrapper.xcdatamodel; path = TRx.xcdatamodel; sourceTree = "<group>"; };
		C4A58F0517E4FAE800977E74 /* TRPatient.h */ = {isa = PBXFileReference; fileEncoding = 4; lastKnownFileType = sourcecode.c.h; name = TRPatient.h; path = Models/TRPatient.h; sourceTree = SOURCE_ROOT; };
		C4A58F0617E4FAE800977E74 /* TRPatient.m */ = {isa = PBXFileReference; fileEncoding = 4; lastKnownFileType = sourcecode.c.objc; name = TRPatient.m; path = Models/TRPatient.m; sourceTree = SOURCE_ROOT; };
		C4A58F0817E4FAF000977E74 /* TestViewController.h */ = {isa = PBXFileReference; fileEncoding = 4; lastKnownFileType = sourcecode.c.h; name = TestViewController.h; path = Test/TestViewController.h; sourceTree = SOURCE_ROOT; };
		C4A58F0917E4FAF000977E74 /* TestViewController.m */ = {isa = PBXFileReference; fileEncoding = 4; lastKnownFileType = sourcecode.c.objc; name = TestViewController.m; path = Test/TestViewController.m; sourceTree = SOURCE_ROOT; };
		C4A58F0B17E4FAF800977E74 /* TRPatientListViewController.h */ = {isa = PBXFileReference; fileEncoding = 4; lastKnownFileType = sourcecode.c.h; name = TRPatientListViewController.h; path = ViewControllers/TRPatientListViewController.h; sourceTree = SOURCE_ROOT; };
		C4A58F0C17E4FAF800977E74 /* TRPatientListViewController.m */ = {isa = PBXFileReference; fileEncoding = 4; lastKnownFileType = sourcecode.c.objc; name = TRPatientListViewController.m; path = ViewControllers/TRPatientListViewController.m; sourceTree = SOURCE_ROOT; };
/* End PBXFileReference section */

/* Begin PBXFrameworksBuildPhase section */
		C4A58EC017E4F92D00977E74 /* Frameworks */ = {
			isa = PBXFrameworksBuildPhase;
			buildActionMask = 2147483647;
			files = (
				C4A58EC917E4F92D00977E74 /* CoreGraphics.framework in Frameworks */,
				C4A58ECB17E4F92D00977E74 /* UIKit.framework in Frameworks */,
				C4A58EC717E4F92D00977E74 /* Foundation.framework in Frameworks */,
			);
			runOnlyForDeploymentPostprocessing = 0;
		};
		C4A58EE117E4F92D00977E74 /* Frameworks */ = {
			isa = PBXFrameworksBuildPhase;
			buildActionMask = 2147483647;
			files = (
				C4A58EE617E4F92D00977E74 /* XCTest.framework in Frameworks */,
				C4A58EE817E4F92D00977E74 /* UIKit.framework in Frameworks */,
				C4A58EE717E4F92D00977E74 /* Foundation.framework in Frameworks */,
			);
			runOnlyForDeploymentPostprocessing = 0;
		};
/* End PBXFrameworksBuildPhase section */

/* Begin PBXGroup section */
		C4A58EBA17E4F92D00977E74 = {
			isa = PBXGroup;
			children = (
				C4A58ECC17E4F92D00977E74 /* TRx */,
				C4A58EEB17E4F92D00977E74 /* TRxTests */,
				C4A58EC517E4F92D00977E74 /* Frameworks */,
				C4A58EC417E4F92D00977E74 /* Products */,
			);
			sourceTree = "<group>";
		};
		C4A58EC417E4F92D00977E74 /* Products */ = {
			isa = PBXGroup;
			children = (
				C4A58EC317E4F92D00977E74 /* TRx.app */,
				C4A58EE417E4F92D00977E74 /* TRxTests.xctest */,
			);
			name = Products;
			sourceTree = "<group>";
		};
		C4A58EC517E4F92D00977E74 /* Frameworks */ = {
			isa = PBXGroup;
			children = (
				C4A58EC617E4F92D00977E74 /* Foundation.framework */,
				C4A58EC817E4F92D00977E74 /* CoreGraphics.framework */,
				C4A58ECA17E4F92D00977E74 /* UIKit.framework */,
				C4A58EE517E4F92D00977E74 /* XCTest.framework */,
			);
			name = Frameworks;
			sourceTree = "<group>";
		};
		C4A58ECC17E4F92D00977E74 /* TRx */ = {
			isa = PBXGroup;
			children = (
				C4A58EFB17E4F96300977E74 /* Test */,
				C4A58EFC17E4F96D00977E74 /* Data */,
				C4A58EFD17E4F97500977E74 /* Models */,
				C4A58EFE17E4F98100977E74 /* ViewControllers */,
				C4A58ED517E4F92D00977E74 /* TRAppDelegate.h */,
				C4A58ED617E4F92D00977E74 /* TRAppDelegate.m */,
				C4A58ED817E4F92D00977E74 /* Main.storyboard */,
				C4A58EDE17E4F92D00977E74 /* Images.xcassets */,
				C4A58ECD17E4F92D00977E74 /* Supporting Files */,
			);
			path = TRx;
			sourceTree = "<group>";
		};
		C4A58ECD17E4F92D00977E74 /* Supporting Files */ = {
			isa = PBXGroup;
			children = (
				C4A58ECE17E4F92D00977E74 /* TRx-Info.plist */,
				C4A58ECF17E4F92D00977E74 /* InfoPlist.strings */,
				C4A58ED217E4F92D00977E74 /* main.m */,
				C4A58ED417E4F92D00977E74 /* TRx-Prefix.pch */,
			);
			name = "Supporting Files";
			sourceTree = "<group>";
		};
		C4A58EEB17E4F92D00977E74 /* TRxTests */ = {
			isa = PBXGroup;
			children = (
				C4A58EF117E4F92D00977E74 /* TRxTests.m */,
				C4A58EEC17E4F92D00977E74 /* Supporting Files */,
			);
			path = TRxTests;
			sourceTree = "<group>";
		};
		C4A58EEC17E4F92D00977E74 /* Supporting Files */ = {
			isa = PBXGroup;
			children = (
				C4A58EED17E4F92D00977E74 /* TRxTests-Info.plist */,
				C4A58EEE17E4F92D00977E74 /* InfoPlist.strings */,
			);
			name = "Supporting Files";
			sourceTree = "<group>";
		};
		C4A58EFB17E4F96300977E74 /* Test */ = {
			isa = PBXGroup;
			children = (
				C4A58F0817E4FAF000977E74 /* TestViewController.h */,
				C4A58F0917E4FAF000977E74 /* TestViewController.m */,
			);
			name = Test;
			sourceTree = "<group>";
		};
		C4A58EFC17E4F96D00977E74 /* Data */ = {
			isa = PBXGroup;
			children = (
				C4A58F0217E4FAE000977E74 /* TRx.xcdatamodeld */,
			);
			name = Data;
			sourceTree = "<group>";
		};
		C4A58EFD17E4F97500977E74 /* Models */ = {
			isa = PBXGroup;
			children = (
				C4A58F0517E4FAE800977E74 /* TRPatient.h */,
				C4A58F0617E4FAE800977E74 /* TRPatient.m */,
			);
			name = Models;
			sourceTree = "<group>";
		};
		C4A58EFE17E4F98100977E74 /* ViewControllers */ = {
			isa = PBXGroup;
			children = (
				C4A58F0B17E4FAF800977E74 /* TRPatientListViewController.h */,
				C4A58F0C17E4FAF800977E74 /* TRPatientListViewController.m */,
			);
			name = ViewControllers;
			sourceTree = "<group>";
		};
/* End PBXGroup section */

/* Begin PBXNativeTarget section */
		C4A58EC217E4F92D00977E74 /* TRx */ = {
			isa = PBXNativeTarget;
			buildConfigurationList = C4A58EF517E4F92D00977E74 /* Build configuration list for PBXNativeTarget "TRx" */;
			buildPhases = (
				C4A58EBF17E4F92D00977E74 /* Sources */,
				C4A58EC017E4F92D00977E74 /* Frameworks */,
				C4A58EC117E4F92D00977E74 /* Resources */,
			);
			buildRules = (
			);
			dependencies = (
			);
			name = TRx;
			productName = TRx;
			productReference = C4A58EC317E4F92D00977E74 /* TRx.app */;
			productType = "com.apple.product-type.application";
		};
		C4A58EE317E4F92D00977E74 /* TRxTests */ = {
			isa = PBXNativeTarget;
			buildConfigurationList = C4A58EF817E4F92D00977E74 /* Build configuration list for PBXNativeTarget "TRxTests" */;
			buildPhases = (
				C4A58EE017E4F92D00977E74 /* Sources */,
				C4A58EE117E4F92D00977E74 /* Frameworks */,
				C4A58EE217E4F92D00977E74 /* Resources */,
			);
			buildRules = (
			);
			dependencies = (
				C4A58EEA17E4F92D00977E74 /* PBXTargetDependency */,
			);
			name = TRxTests;
			productName = TRxTests;
			productReference = C4A58EE417E4F92D00977E74 /* TRxTests.xctest */;
			productType = "com.apple.product-type.bundle.unit-test";
		};
/* End PBXNativeTarget section */

/* Begin PBXProject section */
		C4A58EBB17E4F92D00977E74 /* Project object */ = {
			isa = PBXProject;
			attributes = {
				CLASSPREFIX = TR;
				LastUpgradeCheck = 0500;
				ORGANIZATIONNAME = TeamHaiti;
				TargetAttributes = {
					C4A58EE317E4F92D00977E74 = {
						TestTargetID = C4A58EC217E4F92D00977E74;
					};
				};
			};
			buildConfigurationList = C4A58EBE17E4F92D00977E74 /* Build configuration list for PBXProject "TRx" */;
			compatibilityVersion = "Xcode 3.2";
			developmentRegion = English;
			hasScannedForEncodings = 0;
			knownRegions = (
				en,
				Base,
			);
			mainGroup = C4A58EBA17E4F92D00977E74;
			productRefGroup = C4A58EC417E4F92D00977E74 /* Products */;
			projectDirPath = "";
			projectRoot = "";
			targets = (
				C4A58EC217E4F92D00977E74 /* TRx */,
				C4A58EE317E4F92D00977E74 /* TRxTests */,
			);
		};
/* End PBXProject section */

/* Begin PBXResourcesBuildPhase section */
		C4A58EC117E4F92D00977E74 /* Resources */ = {
			isa = PBXResourcesBuildPhase;
			buildActionMask = 2147483647;
			files = (
				C4A58EDF17E4F92D00977E74 /* Images.xcassets in Resources */,
				C4A58ED117E4F92D00977E74 /* InfoPlist.strings in Resources */,
				C4A58EDA17E4F92D00977E74 /* Main.storyboard in Resources */,
			);
			runOnlyForDeploymentPostprocessing = 0;
		};
		C4A58EE217E4F92D00977E74 /* Resources */ = {
			isa = PBXResourcesBuildPhase;
			buildActionMask = 2147483647;
			files = (
				C4A58EF017E4F92D00977E74 /* InfoPlist.strings in Resources */,
			);
			runOnlyForDeploymentPostprocessing = 0;
		};
/* End PBXResourcesBuildPhase section */

/* Begin PBXSourcesBuildPhase section */
		C4A58EBF17E4F92D00977E74 /* Sources */ = {
			isa = PBXSourcesBuildPhase;
			buildActionMask = 2147483647;
			files = (
				C4A58F0417E4FAE000977E74 /* TRx.xcdatamodeld in Sources */,
				C4A58F0717E4FAE800977E74 /* TRPatient.m in Sources */,
				C4A58F0D17E4FAF800977E74 /* TRPatientListViewController.m in Sources */,
				C4A58ED717E4F92D00977E74 /* TRAppDelegate.m in Sources */,
				C4A58ED317E4F92D00977E74 /* main.m in Sources */,
				C4A58F0A17E4FAF000977E74 /* TestViewController.m in Sources */,
			);
			runOnlyForDeploymentPostprocessing = 0;
		};
		C4A58EE017E4F92D00977E74 /* Sources */ = {
			isa = PBXSourcesBuildPhase;
			buildActionMask = 2147483647;
			files = (
				C4A58EF217E4F92D00977E74 /* TRxTests.m in Sources */,
			);
			runOnlyForDeploymentPostprocessing = 0;
		};
/* End PBXSourcesBuildPhase section */

/* Begin PBXTargetDependency section */
		C4A58EEA17E4F92D00977E74 /* PBXTargetDependency */ = {
			isa = PBXTargetDependency;
			target = C4A58EC217E4F92D00977E74 /* TRx */;
			targetProxy = C4A58EE917E4F92D00977E74 /* PBXContainerItemProxy */;
		};
/* End PBXTargetDependency section */

/* Begin PBXVariantGroup section */
		C4A58ECF17E4F92D00977E74 /* InfoPlist.strings */ = {
			isa = PBXVariantGroup;
			children = (
				C4A58ED017E4F92D00977E74 /* en */,
			);
			name = InfoPlist.strings;
			sourceTree = "<group>";
		};
		C4A58ED817E4F92D00977E74 /* Main.storyboard */ = {
			isa = PBXVariantGroup;
			children = (
				C4A58ED917E4F92D00977E74 /* Base */,
			);
			name = Main.storyboard;
			sourceTree = "<group>";
		};
		C4A58EEE17E4F92D00977E74 /* InfoPlist.strings */ = {
			isa = PBXVariantGroup;
			children = (
				C4A58EEF17E4F92D00977E74 /* en */,
			);
			name = InfoPlist.strings;
			sourceTree = "<group>";
		};
/* End PBXVariantGroup section */

/* Begin XCBuildConfiguration section */
		C4A58EF317E4F92D00977E74 /* Debug */ = {
			isa = XCBuildConfiguration;
			buildSettings = {
				ALWAYS_SEARCH_USER_PATHS = NO;
				ARCHS = "$(ARCHS_STANDARD_INCLUDING_64_BIT)";
				CLANG_CXX_LANGUAGE_STANDARD = "gnu++0x";
				CLANG_CXX_LIBRARY = "libc++";
				CLANG_ENABLE_MODULES = YES;
				CLANG_ENABLE_OBJC_ARC = YES;
				CLANG_WARN_BOOL_CONVERSION = YES;
				CLANG_WARN_CONSTANT_CONVERSION = YES;
				CLANG_WARN_DIRECT_OBJC_ISA_USAGE = YES_ERROR;
				CLANG_WARN_EMPTY_BODY = YES;
				CLANG_WARN_ENUM_CONVERSION = YES;
				CLANG_WARN_INT_CONVERSION = YES;
				CLANG_WARN_OBJC_ROOT_CLASS = YES_ERROR;
				CLANG_WARN__DUPLICATE_METHOD_MATCH = YES;
				"CODE_SIGN_IDENTITY[sdk=iphoneos*]" = "iPhone Developer";
				COPY_PHASE_STRIP = NO;
				GCC_C_LANGUAGE_STANDARD = gnu99;
				GCC_DYNAMIC_NO_PIC = NO;
				GCC_OPTIMIZATION_LEVEL = 0;
				GCC_PREPROCESSOR_DEFINITIONS = (
					"DEBUG=1",
					"$(inherited)",
				);
				GCC_SYMBOLS_PRIVATE_EXTERN = NO;
				GCC_WARN_64_TO_32_BIT_CONVERSION = YES;
				GCC_WARN_ABOUT_RETURN_TYPE = YES_ERROR;
				GCC_WARN_UNDECLARED_SELECTOR = YES;
				GCC_WARN_UNINITIALIZED_AUTOS = YES;
				GCC_WARN_UNUSED_FUNCTION = YES;
				GCC_WARN_UNUSED_VARIABLE = YES;
				IPHONEOS_DEPLOYMENT_TARGET = 7.0;
				ONLY_ACTIVE_ARCH = YES;
				SDKROOT = iphoneos;
				TARGETED_DEVICE_FAMILY = 2;
			};
			name = Debug;
		};
		C4A58EF417E4F92D00977E74 /* Release */ = {
			isa = XCBuildConfiguration;
			buildSettings = {
				ALWAYS_SEARCH_USER_PATHS = NO;
				ARCHS = "$(ARCHS_STANDARD_INCLUDING_64_BIT)";
				CLANG_CXX_LANGUAGE_STANDARD = "gnu++0x";
				CLANG_CXX_LIBRARY = "libc++";
				CLANG_ENABLE_MODULES = YES;
				CLANG_ENABLE_OBJC_ARC = YES;
				CLANG_WARN_BOOL_CONVERSION = YES;
				CLANG_WARN_CONSTANT_CONVERSION = YES;
				CLANG_WARN_DIRECT_OBJC_ISA_USAGE = YES_ERROR;
				CLANG_WARN_EMPTY_BODY = YES;
				CLANG_WARN_ENUM_CONVERSION = YES;
				CLANG_WARN_INT_CONVERSION = YES;
				CLANG_WARN_OBJC_ROOT_CLASS = YES_ERROR;
				CLANG_WARN__DUPLICATE_METHOD_MATCH = YES;
				"CODE_SIGN_IDENTITY[sdk=iphoneos*]" = "iPhone Developer";
				COPY_PHASE_STRIP = YES;
				ENABLE_NS_ASSERTIONS = NO;
				GCC_C_LANGUAGE_STANDARD = gnu99;
				GCC_WARN_64_TO_32_BIT_CONVERSION = YES;
				GCC_WARN_ABOUT_RETURN_TYPE = YES_ERROR;
				GCC_WARN_UNDECLARED_SELECTOR = YES;
				GCC_WARN_UNINITIALIZED_AUTOS = YES;
				GCC_WARN_UNUSED_FUNCTION = YES;
				GCC_WARN_UNUSED_VARIABLE = YES;
				IPHONEOS_DEPLOYMENT_TARGET = 7.0;
				SDKROOT = iphoneos;
				TARGETED_DEVICE_FAMILY = 2;
				VALIDATE_PRODUCT = YES;
			};
			name = Release;
		};
		C4A58EF617E4F92D00977E74 /* Debug */ = {
			isa = XCBuildConfiguration;
			buildSettings = {
				ASSETCATALOG_COMPILER_APPICON_NAME = AppIcon;
				ASSETCATALOG_COMPILER_LAUNCHIMAGE_NAME = LaunchImage;
				GCC_PRECOMPILE_PREFIX_HEADER = YES;
				GCC_PREFIX_HEADER = "TRx/TRx-Prefix.pch";
				INFOPLIST_FILE = "TRx/TRx-Info.plist";
				PRODUCT_NAME = "$(TARGET_NAME)";
				WRAPPER_EXTENSION = app;
			};
			name = Debug;
		};
		C4A58EF717E4F92D00977E74 /* Release */ = {
			isa = XCBuildConfiguration;
			buildSettings = {
				ASSETCATALOG_COMPILER_APPICON_NAME = AppIcon;
				ASSETCATALOG_COMPILER_LAUNCHIMAGE_NAME = LaunchImage;
				GCC_PRECOMPILE_PREFIX_HEADER = YES;
				GCC_PREFIX_HEADER = "TRx/TRx-Prefix.pch";
				INFOPLIST_FILE = "TRx/TRx-Info.plist";
				PRODUCT_NAME = "$(TARGET_NAME)";
				WRAPPER_EXTENSION = app;
			};
			name = Release;
		};
		C4A58EF917E4F92D00977E74 /* Debug */ = {
			isa = XCBuildConfiguration;
			buildSettings = {
				ARCHS = "$(ARCHS_STANDARD_INCLUDING_64_BIT)";
				BUNDLE_LOADER = "$(BUILT_PRODUCTS_DIR)/TRx.app/TRx";
				FRAMEWORK_SEARCH_PATHS = (
					"$(SDKROOT)/Developer/Library/Frameworks",
					"$(inherited)",
					"$(DEVELOPER_FRAMEWORKS_DIR)",
				);
				GCC_PRECOMPILE_PREFIX_HEADER = YES;
				GCC_PREFIX_HEADER = "TRx/TRx-Prefix.pch";
				GCC_PREPROCESSOR_DEFINITIONS = (
					"DEBUG=1",
					"$(inherited)",
				);
				INFOPLIST_FILE = "TRxTests/TRxTests-Info.plist";
				PRODUCT_NAME = "$(TARGET_NAME)";
				TEST_HOST = "$(BUNDLE_LOADER)";
				WRAPPER_EXTENSION = xctest;
			};
			name = Debug;
		};
		C4A58EFA17E4F92D00977E74 /* Release */ = {
			isa = XCBuildConfiguration;
			buildSettings = {
				ARCHS = "$(ARCHS_STANDARD_INCLUDING_64_BIT)";
				BUNDLE_LOADER = "$(BUILT_PRODUCTS_DIR)/TRx.app/TRx";
				FRAMEWORK_SEARCH_PATHS = (
					"$(SDKROOT)/Developer/Library/Frameworks",
					"$(inherited)",
					"$(DEVELOPER_FRAMEWORKS_DIR)",
				);
				GCC_PRECOMPILE_PREFIX_HEADER = YES;
				GCC_PREFIX_HEADER = "TRx/TRx-Prefix.pch";
				INFOPLIST_FILE = "TRxTests/TRxTests-Info.plist";
				PRODUCT_NAME = "$(TARGET_NAME)";
				TEST_HOST = "$(BUNDLE_LOADER)";
				WRAPPER_EXTENSION = xctest;
			};
			name = Release;
		};
/* End XCBuildConfiguration section */

/* Begin XCConfigurationList section */
		C4A58EBE17E4F92D00977E74 /* Build configuration list for PBXProject "TRx" */ = {
			isa = XCConfigurationList;
			buildConfigurations = (
				C4A58EF317E4F92D00977E74 /* Debug */,
				C4A58EF417E4F92D00977E74 /* Release */,
			);
			defaultConfigurationIsVisible = 0;
			defaultConfigurationName = Release;
		};
		C4A58EF517E4F92D00977E74 /* Build configuration list for PBXNativeTarget "TRx" */ = {
			isa = XCConfigurationList;
			buildConfigurations = (
				C4A58EF617E4F92D00977E74 /* Debug */,
				C4A58EF717E4F92D00977E74 /* Release */,
			);
			defaultConfigurationIsVisible = 0;
			defaultConfigurationName = Release;
		};
		C4A58EF817E4F92D00977E74 /* Build configuration list for PBXNativeTarget "TRxTests" */ = {
			isa = XCConfigurationList;
			buildConfigurations = (
				C4A58EF917E4F92D00977E74 /* Debug */,
				C4A58EFA17E4F92D00977E74 /* Release */,
			);
			defaultConfigurationIsVisible = 0;
			defaultConfigurationName = Release;
		};
/* End XCConfigurationList section */

/* Begin XCVersionGroup section */
		C4A58F0217E4FAE000977E74 /* TRx.xcdatamodeld */ = {
			isa = XCVersionGroup;
			children = (
				C4A58F0317E4FAE000977E74 /* TRx.xcdatamodel */,
			);
			currentVersion = C4A58F0317E4FAE000977E74 /* TRx.xcdatamodel */;
			name = TRx.xcdatamodeld;
			path = ../Data/TRx.xcdatamodeld;
			sourceTree = "<group>";
			versionGroupType = wrapper.xcdatamodel;
		};
/* End XCVersionGroup section */
	};
	rootObject = C4A58EBB17E4F92D00977E74 /* Project object */;
}
